
Microsoft Visual Studio Solution File, Format Version 12.00
# Visual Studio Version 17
VisualStudioVersion = 17.14.36301.6 d17.14
MinimumVisualStudioVersion = 10.0.40219.1
Project("{FAE04EC0-301F-11D3-BF4B-00C04F79EFBC}") = "topic 2 mono game", "topic 2 mono game.csproj", "{0F3D8EC1-82FD-4D1F-88E3-3DD9741BC57B}"
EndProject
Global
	GlobalSection(SolutionConfigurationPlatforms) = preSolution
		Debug|Any CPU = Debug|Any CPU
		Release|Any CPU = Release|Any CPU
	EndGlobalSection
	GlobalSection(ProjectConfigurationPlatforms) = postSolution
		{0F3D8EC1-82FD-4D1F-88E3-3DD9741BC57B}.Debug|Any CPU.ActiveCfg = Debug|Any CPU
		{0F3D8EC1-82FD-4D1F-88E3-3DD9741BC57B}.Debug|Any CPU.Build.0 = Debug|Any CPU
		{0F3D8EC1-82FD-4D1F-88E3-3DD9741BC57B}.Release|Any CPU.ActiveCfg = Release|Any CPU
		{0F3D8EC1-82FD-4D1F-88E3-3DD9741BC57B}.Release|Any CPU.Build.0 = Release|Any CPU
	EndGlobalSection
	GlobalSection(SolutionProperties) = preSolution
		HideSolutionNode = FALSE
	EndGlobalSection
	GlobalSection(ExtensibilityGlobals) = postSolution
		SolutionGuid = {DA234F16-5BB6-45DD-962E-6CD2CEBDFEBD}
	EndGlobalSection
EndGlobal
